
Microsoft Visual Studio Solution File, Format Version 12.00
# Visual Studio Version 16
VisualStudioVersion = 16.0.34114.132
MinimumVisualStudioVersion = 10.0.40219.1
Project("{FAE04EC0-301F-11D3-BF4B-00C04F79EFBC}") = "LambdaSubmission", "LambdaSubmission\LambdaSubmission.csproj", "{5621A9FD-BCC3-4614-BC9B-7201208048D3}"
EndProject
Global
	GlobalSection(SolutionConfigurationPlatforms) = preSolution
		Debug|Any CPU = Debug|Any CPU
		Release|Any CPU = Release|Any CPU
	EndGlobalSection
	GlobalSection(ProjectConfigurationPlatforms) = postSolution
		{5621A9FD-BCC3-4614-BC9B-7201208048D3}.Debug|Any CPU.ActiveCfg = Debug|Any CPU
		{5621A9FD-BCC3-4614-BC9B-7201208048D3}.Debug|Any CPU.Build.0 = Debug|Any CPU
		{5621A9FD-BCC3-4614-BC9B-7201208048D3}.Release|Any CPU.ActiveCfg = Release|Any CPU
		{5621A9FD-BCC3-4614-BC9B-7201208048D3}.Release|Any CPU.Build.0 = Release|Any CPU
	EndGlobalSection
	GlobalSection(SolutionProperties) = preSolution
		HideSolutionNode = FALSE
	EndGlobalSection
	GlobalSection(ExtensibilityGlobals) = postSolution
		SolutionGuid = {FE2B50FE-9937-4E56-A895-FA91D0D6EF67}
	EndGlobalSection
EndGlobal
