
Microsoft Visual Studio Solution File, Format Version 12.00
# Visual Studio Version 16
VisualStudioVersion = 16.0.34114.132
MinimumVisualStudioVersion = 10.0.40219.1
Project("{FAE04EC0-301F-11D3-BF4B-00C04F79EFBC}") = "ConsoleAppSubmission", "ConsoleAppSubmission\ConsoleAppSubmission.csproj", "{145CFABD-B03F-46EC-8066-26A92574AED3}"
EndProject
Global
	GlobalSection(SolutionConfigurationPlatforms) = preSolution
		Debug|Any CPU = Debug|Any CPU
		Release|Any CPU = Release|Any CPU
	EndGlobalSection
	GlobalSection(ProjectConfigurationPlatforms) = postSolution
		{145CFABD-B03F-46EC-8066-26A92574AED3}.Debug|Any CPU.ActiveCfg = Debug|Any CPU
		{145CFABD-B03F-46EC-8066-26A92574AED3}.Debug|Any CPU.Build.0 = Debug|Any CPU
		{145CFABD-B03F-46EC-8066-26A92574AED3}.Release|Any CPU.ActiveCfg = Release|Any CPU
		{145CFABD-B03F-46EC-8066-26A92574AED3}.Release|Any CPU.Build.0 = Release|Any CPU
	EndGlobalSection
	GlobalSection(SolutionProperties) = preSolution
		HideSolutionNode = FALSE
	EndGlobalSection
	GlobalSection(ExtensibilityGlobals) = postSolution
		SolutionGuid = {6406A5D3-389E-4FA1-AE13-BDC4A9869527}
	EndGlobalSection
EndGlobal
