
Microsoft Visual Studio Solution File, Format Version 12.00
# Visual Studio Version 16
VisualStudioVersion = 16.0.34114.132
MinimumVisualStudioVersion = 10.0.40219.1
Project("{FAE04EC0-301F-11D3-BF4B-00C04F79EFBC}") = "MathAndComparisonOperatorSubmission", "MathAndComparisonOperatorSubmission\MathAndComparisonOperatorSubmission.csproj", "{45684010-3DAC-4BD3-8F87-22DCE0447BBF}"
EndProject
Global
	GlobalSection(SolutionConfigurationPlatforms) = preSolution
		Debug|Any CPU = Debug|Any CPU
		Release|Any CPU = Release|Any CPU
	EndGlobalSection
	GlobalSection(ProjectConfigurationPlatforms) = postSolution
		{45684010-3DAC-4BD3-8F87-22DCE0447BBF}.Debug|Any CPU.ActiveCfg = Debug|Any CPU
		{45684010-3DAC-4BD3-8F87-22DCE0447BBF}.Debug|Any CPU.Build.0 = Debug|Any CPU
		{45684010-3DAC-4BD3-8F87-22DCE0447BBF}.Release|Any CPU.ActiveCfg = Release|Any CPU
		{45684010-3DAC-4BD3-8F87-22DCE0447BBF}.Release|Any CPU.Build.0 = Release|Any CPU
	EndGlobalSection
	GlobalSection(SolutionProperties) = preSolution
		HideSolutionNode = FALSE
	EndGlobalSection
	GlobalSection(ExtensibilityGlobals) = postSolution
		SolutionGuid = {3F4FAD24-3013-4F67-AE49-F5ADE1BE1187}
	EndGlobalSection
EndGlobal
