
Microsoft Visual Studio Solution File, Format Version 12.00
# Visual Studio Version 16
VisualStudioVersion = 16.0.34114.132
MinimumVisualStudioVersion = 10.0.40219.1
Project("{FAE04EC0-301F-11D3-BF4B-00C04F79EFBC}") = "ParsingEnumsSubmission", "ParsingEnumsSubmission\ParsingEnumsSubmission.csproj", "{46514DD2-76C8-4F73-BC9A-20A8D06CA977}"
EndProject
Global
	GlobalSection(SolutionConfigurationPlatforms) = preSolution
		Debug|Any CPU = Debug|Any CPU
		Release|Any CPU = Release|Any CPU
	EndGlobalSection
	GlobalSection(ProjectConfigurationPlatforms) = postSolution
		{46514DD2-76C8-4F73-BC9A-20A8D06CA977}.Debug|Any CPU.ActiveCfg = Debug|Any CPU
		{46514DD2-76C8-4F73-BC9A-20A8D06CA977}.Debug|Any CPU.Build.0 = Debug|Any CPU
		{46514DD2-76C8-4F73-BC9A-20A8D06CA977}.Release|Any CPU.ActiveCfg = Release|Any CPU
		{46514DD2-76C8-4F73-BC9A-20A8D06CA977}.Release|Any CPU.Build.0 = Release|Any CPU
	EndGlobalSection
	GlobalSection(SolutionProperties) = preSolution
		HideSolutionNode = FALSE
	EndGlobalSection
	GlobalSection(ExtensibilityGlobals) = postSolution
		SolutionGuid = {0C95885D-56B5-483E-BA17-E718F1B9E2B6}
	EndGlobalSection
EndGlobal
