
Microsoft Visual Studio Solution File, Format Version 12.00
# Visual Studio Version 16
VisualStudioVersion = 16.0.34114.132
MinimumVisualStudioVersion = 10.0.40219.1
Project("{FAE04EC0-301F-11D3-BF4B-00C04F79EFBC}") = "CallingMethodsSubmission", "CallingMethodsSubmission\CallingMethodsSubmission.csproj", "{79293E61-43B7-4E04-AD6E-4ECDE4AD7CCF}"
EndProject
Global
	GlobalSection(SolutionConfigurationPlatforms) = preSolution
		Debug|Any CPU = Debug|Any CPU
		Release|Any CPU = Release|Any CPU
	EndGlobalSection
	GlobalSection(ProjectConfigurationPlatforms) = postSolution
		{79293E61-43B7-4E04-AD6E-4ECDE4AD7CCF}.Debug|Any CPU.ActiveCfg = Debug|Any CPU
		{79293E61-43B7-4E04-AD6E-4ECDE4AD7CCF}.Debug|Any CPU.Build.0 = Debug|Any CPU
		{79293E61-43B7-4E04-AD6E-4ECDE4AD7CCF}.Release|Any CPU.ActiveCfg = Release|Any CPU
		{79293E61-43B7-4E04-AD6E-4ECDE4AD7CCF}.Release|Any CPU.Build.0 = Release|Any CPU
	EndGlobalSection
	GlobalSection(SolutionProperties) = preSolution
		HideSolutionNode = FALSE
	EndGlobalSection
	GlobalSection(ExtensibilityGlobals) = postSolution
		SolutionGuid = {17E340EA-47EF-4329-B449-E1302332D48D}
	EndGlobalSection
EndGlobal
